
Microsoft Visual Studio Solution File, Format Version 12.00
# Visual Studio Version 16
VisualStudioVersion = 16.0.30621.155
MinimumVisualStudioVersion = 10.0.40219.1
Project("{FAE04EC0-301F-11D3-BF4B-00C04F79EFBC}") = "GithubRepos", "GithubRepos\GithubRepos.csproj", "{ADF144A0-AA51-45D5-87BF-6EDD4DF172FC}"
EndProject
Global
	GlobalSection(SolutionConfigurationPlatforms) = preSolution
		Debug|Any CPU = Debug|Any CPU
		Release|Any CPU = Release|Any CPU
	EndGlobalSection
	GlobalSection(ProjectConfigurationPlatforms) = postSolution
		{ADF144A0-AA51-45D5-87BF-6EDD4DF172FC}.Debug|Any CPU.ActiveCfg = Debug|Any CPU
		{ADF144A0-AA51-45D5-87BF-6EDD4DF172FC}.Debug|Any CPU.Build.0 = Debug|Any CPU
		{ADF144A0-AA51-45D5-87BF-6EDD4DF172FC}.Release|Any CPU.ActiveCfg = Release|Any CPU
		{ADF144A0-AA51-45D5-87BF-6EDD4DF172FC}.Release|Any CPU.Build.0 = Release|Any CPU
	EndGlobalSection
	GlobalSection(SolutionProperties) = preSolution
		HideSolutionNode = FALSE
	EndGlobalSection
	GlobalSection(ExtensibilityGlobals) = postSolution
		SolutionGuid = {33D3D0E3-AC87-4C3C-A400-3E62B60C8BCA}
	EndGlobalSection
EndGlobal
